
Microsoft Visual Studio Solution File, Format Version 12.00
# Visual Studio Version 16
VisualStudioVersion = 16.0.31025.194
MinimumVisualStudioVersion = 10.0.40219.1
Project("{FAE04EC0-301F-11D3-BF4B-00C04F79EFBC}") = "MoviesDbApi", "MoviesDbApi\MoviesDbApi.csproj", "{B5FD44C4-B5C2-4F59-BD9C-9CF821110C48}"
EndProject
Global
	GlobalSection(SolutionConfigurationPlatforms) = preSolution
		Debug|Any CPU = Debug|Any CPU
		Release|Any CPU = Release|Any CPU
	EndGlobalSection
	GlobalSection(ProjectConfigurationPlatforms) = postSolution
		{B5FD44C4-B5C2-4F59-BD9C-9CF821110C48}.Debug|Any CPU.ActiveCfg = Debug|Any CPU
		{B5FD44C4-B5C2-4F59-BD9C-9CF821110C48}.Debug|Any CPU.Build.0 = Debug|Any CPU
		{B5FD44C4-B5C2-4F59-BD9C-9CF821110C48}.Release|Any CPU.ActiveCfg = Release|Any CPU
		{B5FD44C4-B5C2-4F59-BD9C-9CF821110C48}.Release|Any CPU.Build.0 = Release|Any CPU
	EndGlobalSection
	GlobalSection(SolutionProperties) = preSolution
		HideSolutionNode = FALSE
	EndGlobalSection
	GlobalSection(ExtensibilityGlobals) = postSolution
		SolutionGuid = {4C91BE9C-A3FF-488F-A5DD-7017EE3867D2}
	EndGlobalSection
EndGlobal
